
Microsoft Visual Studio Solution File, Format Version 11.00
# Visual Studio 2010
Project("{FAE04EC0-301F-11D3-BF4B-00C04F79EFBC}") = "AJr.Domain", "AJr.Domain\AJr.Domain.csproj", "{83680AD3-053E-40D5-886C-1E3E1577741C}"
EndProject
Global
	GlobalSection(SolutionConfigurationPlatforms) = preSolution
		Debug|Any CPU = Debug|Any CPU
		Release|Any CPU = Release|Any CPU
	EndGlobalSection
	GlobalSection(ProjectConfigurationPlatforms) = postSolution
		{83680AD3-053E-40D5-886C-1E3E1577741C}.Debug|Any CPU.ActiveCfg = Debug|Any CPU
		{83680AD3-053E-40D5-886C-1E3E1577741C}.Debug|Any CPU.Build.0 = Debug|Any CPU
		{83680AD3-053E-40D5-886C-1E3E1577741C}.Release|Any CPU.ActiveCfg = Release|Any CPU
		{83680AD3-053E-40D5-886C-1E3E1577741C}.Release|Any CPU.Build.0 = Release|Any CPU
	EndGlobalSection
	GlobalSection(SolutionProperties) = preSolution
		HideSolutionNode = FALSE
	EndGlobalSection
EndGlobal
